{
  "name": "datavis",
  "lockfileVersion": 3,
  "requires": true,
  "packages": {
    "": {
      "dependencies": {
        "@mieweb/ui": "^0.2.2"
      }
    },
    "node_modules/@mieweb/ui": {
      "version": "0.2.2",
      "resolved": "https://registry.npmjs.org/@mieweb/ui/-/ui-0.2.2.tgz",
      "integrity": "sha512-7MFH/I32r2TSsd2gQoT+iEKhdNIYSbIw8UJ2RAU++bf/uAwp5QI+yCDf9pWupTJQCr3SPzGrH+12GVoPno0jaQ==",
      "license": "SEE LICENSE IN LICENSE",
      "dependencies": {
        "@swc/helpers": "^0.5.19",
        "class-variance-authority": "^0.7.1",
        "clsx": "^2.1.1",
        "lucide-react": "^0.562.0",
        "luxon": "^3.7.2",
        "tailwind-merge": "^2.6.1"
      },
      "engines": {
        "node": ">=18.0.0"
      },
      "peerDependencies": {
        "ag-grid-community": ">=32.0.0",
        "ag-grid-react": ">=32.0.0",
        "react": ">=18.0.0",
        "react-dom": ">=18.0.0",
        "wavesurfer.js": ">=7.0.0"
      },
      "peerDependenciesMeta": {
        "ag-grid-community": {
          "optional": true
        },
        "ag-grid-react": {
          "optional": true
        },
        "react": {
          "optional": false
        },
        "react-dom": {
          "optional": false
        },
        "wavesurfer.js": {
          "optional": true
        }
      }
    },
    "node_modules/@swc/helpers": {
      "version": "0.5.19",
      "resolved": "https://registry.npmjs.org/@swc/helpers/-/helpers-0.5.19.tgz",
      "integrity": "sha512-QamiFeIK3txNjgUTNppE6MiG3p7TdninpZu0E0PbqVh1a9FNLT2FRhisaa4NcaX52XVhA5l7Pk58Ft7Sqi/2sA==",
      "license": "Apache-2.0",
      "dependencies": {
        "tslib": "^2.8.0"
      }
    },
    "node_modules/class-variance-authority": {
      "version": "0.7.1",
      "resolved": "https://registry.npmjs.org/class-variance-authority/-/class-variance-authority-0.7.1.tgz",
      "integrity": "sha512-Ka+9Trutv7G8M6WT6SeiRWz792K5qEqIGEGzXKhAE6xOWAY6pPH8U+9IY3oCMv6kqTmLsv7Xh/2w2RigkePMsg==",
      "license": "Apache-2.0",
      "dependencies": {
        "clsx": "^2.1.1"
      },
      "funding": {
        "url": "https://polar.sh/cva"
      }
    },
    "node_modules/clsx": {
      "version": "2.1.1",
      "resolved": "https://registry.npmjs.org/clsx/-/clsx-2.1.1.tgz",
      "integrity": "sha512-eYm0QWBtUrBWZWG0d386OGAw16Z995PiOVo2B7bjWSbHedGl5e0ZWaq65kOGgUSNesEIDkB9ISbTg/JK9dhCZA==",
      "license": "MIT",
      "engines": {
        "node": ">=6"
      }
    },
    "node_modules/lucide-react": {
      "version": "0.562.0",
      "resolved": "https://registry.npmjs.org/lucide-react/-/lucide-react-0.562.0.tgz",
      "integrity": "sha512-82hOAu7y0dbVuFfmO4bYF1XEwYk/mEbM5E+b1jgci/udUBEE/R7LF5Ip0CCEmXe8AybRM8L+04eP+LGZeDvkiw==",
      "license": "ISC",
      "peerDependencies": {
        "react": "^16.5.1 || ^17.0.0 || ^18.0.0 || ^19.0.0"
      }
    },
    "node_modules/luxon": {
      "version": "3.7.2",
      "resolved": "https://registry.npmjs.org/luxon/-/luxon-3.7.2.tgz",
      "integrity": "sha512-vtEhXh/gNjI9Yg1u4jX/0YVPMvxzHuGgCm6tC5kZyb08yjGWGnqAjGJvcXbqQR2P3MyMEFnRbpcdFS6PBcLqew==",
      "license": "MIT",
      "engines": {
        "node": ">=12"
      }
    },
    "node_modules/react": {
      "version": "19.2.4",
      "resolved": "https://registry.npmjs.org/react/-/react-19.2.4.tgz",
      "integrity": "sha512-9nfp2hYpCwOjAN+8TZFGhtWEwgvWHXqESH8qT89AT/lWklpLON22Lc8pEtnpsZz7VmawabSU0gCjnj8aC0euHQ==",
      "license": "MIT",
      "peer": true,
      "engines": {
        "node": ">=0.10.0"
      }
    },
    "node_modules/react-dom": {
      "version": "19.2.4",
      "resolved": "https://registry.npmjs.org/react-dom/-/react-dom-19.2.4.tgz",
      "integrity": "sha512-AXJdLo8kgMbimY95O2aKQqsz2iWi9jMgKJhRBAxECE4IFxfcazB2LmzloIoibJI3C12IlY20+KFaLv+71bUJeQ==",
      "license": "MIT",
      "peer": true,
      "dependencies": {
        "scheduler": "^0.27.0"
      },
      "peerDependencies": {
        "react": "^19.2.4"
      }
    },
    "node_modules/scheduler": {
      "version": "0.27.0",
      "resolved": "https://registry.npmjs.org/scheduler/-/scheduler-0.27.0.tgz",
      "integrity": "sha512-eNv+WrVbKu1f3vbYJT/xtiF5syA5HPIMtf9IgY/nKg0sWqzAUEvqY/xm7OcZc/qafLx/iO9FgOmeSAp4v5ti/Q==",
      "license": "MIT",
      "peer": true
    },
    "node_modules/tailwind-merge": {
      "version": "2.6.1",
      "resolved": "https://registry.npmjs.org/tailwind-merge/-/tailwind-merge-2.6.1.tgz",
      "integrity": "sha512-Oo6tHdpZsGpkKG88HJ8RR1rg/RdnEkQEfMoEk2x1XRI3F1AxeU+ijRXpiVUF4UbLfcxxRGw6TbUINKYdWVsQTQ==",
      "license": "MIT",
      "funding": {
        "type": "github",
        "url": "https://github.com/sponsors/dcastil"
      }
    },
    "node_modules/tslib": {
      "version": "2.8.1",
      "resolved": "https://registry.npmjs.org/tslib/-/tslib-2.8.1.tgz",
      "integrity": "sha512-oJFu94HQb+KVduSUQL7wnpmqnfmLsOA/nAh6b6EH0wCEoK0/mPeXU6c3wKDV83MkOuHPRHtSXKKU99IBazS/2w==",
      "license": "0BSD"
    }
  }
}
